Microsoft Visual Studio Solution File, Format Version 12.00
# Visual Studio Version 17
VisualStudioVersion = 17.5.2.0
MinimumVisualStudioVersion = 10.0.40219.1
Project("{FAE04EC0-301F-11D3-BF4B-00C04F79EFBC}") = "OutlookSigManager", "OutlookSigManager\OutlookSigManager.csproj", "{759F039C-782C-0558-0973-C07CEB3D25EA}"
EndProject
Project("{FAE04EC0-301F-11D3-BF4B-00C04F79EFBC}") = "OutlookSigManager.AppHost", "OutlookSigManager.AppHost\OutlookSigManager.AppHost.csproj", "{48B32F32-E522-3802-D6BF-1B57AE3CF42A}"
EndProject
Project("{FAE04EC0-301F-11D3-BF4B-00C04F79EFBC}") = "OutlookSigManager.ServiceDefaults", "OutlookSigManager.ServiceDefaults\OutlookSigManager.ServiceDefaults.csproj", "{8045C5F6-D9B7-08A8-927D-7F493CF95A4F}"
EndProject
Global
	GlobalSection(SolutionConfigurationPlatforms) = preSolution
		Debug|Any CPU = Debug|Any CPU
		Release|Any CPU = Release|Any CPU
	EndGlobalSection
	GlobalSection(ProjectConfigurationPlatforms) = postSolution
		{759F039C-782C-0558-0973-C07CEB3D25EA}.Debug|Any CPU.ActiveCfg = Debug|Any CPU
		{759F039C-782C-0558-0973-C07CEB3D25EA}.Debug|Any CPU.Build.0 = Debug|Any CPU
		{759F039C-782C-0558-0973-C07CEB3D25EA}.Release|Any CPU.ActiveCfg = Release|Any CPU
		{759F039C-782C-0558-0973-C07CEB3D25EA}.Release|Any CPU.Build.0 = Release|Any CPU
		{48B32F32-E522-3802-D6BF-1B57AE3CF42A}.Debug|Any CPU.ActiveCfg = Debug|Any CPU
		{48B32F32-E522-3802-D6BF-1B57AE3CF42A}.Debug|Any CPU.Build.0 = Debug|Any CPU
		{48B32F32-E522-3802-D6BF-1B57AE3CF42A}.Release|Any CPU.ActiveCfg = Release|Any CPU
		{48B32F32-E522-3802-D6BF-1B57AE3CF42A}.Release|Any CPU.Build.0 = Release|Any CPU
		{8045C5F6-D9B7-08A8-927D-7F493CF95A4F}.Debug|Any CPU.ActiveCfg = Debug|Any CPU
		{8045C5F6-D9B7-08A8-927D-7F493CF95A4F}.Debug|Any CPU.Build.0 = Debug|Any CPU
		{8045C5F6-D9B7-08A8-927D-7F493CF95A4F}.Release|Any CPU.ActiveCfg = Release|Any CPU
		{8045C5F6-D9B7-08A8-927D-7F493CF95A4F}.Release|Any CPU.Build.0 = Release|Any CPU
	EndGlobalSection
	GlobalSection(SolutionProperties) = preSolution
		HideSolutionNode = FALSE
	EndGlobalSection
	GlobalSection(ExtensibilityGlobals) = postSolution
		SolutionGuid = {CA06899A-712A-4326-B18F-B4A4ECD2616A}
	EndGlobalSection
EndGlobal
